
Microsoft Visual Studio Solution File, Format Version 12.00
# Visual Studio Version 16
VisualStudioVersion = 16.0.29215.179
MinimumVisualStudioVersion = 10.0.40219.1
Project("{FAE04EC0-301F-11D3-BF4B-00C04F79EFBC}") = "StarCorpAPI", "StarCorpAPI.csproj", "{5108D461-B19B-4AEF-BE14-25310196C31A}"
EndProject
Project("{FAE04EC0-301F-11D3-BF4B-00C04F79EFBC}") = "StarCorp.Business", "..\StarCorp.Business\StarCorp.Business.csproj", "{A134A32F-56CC-4CAE-B58E-5BE4FD5E2319}"
EndProject
Project("{FAE04EC0-301F-11D3-BF4B-00C04F79EFBC}") = "StarCorp.Test", "..\StarCorp.Test\StarCorp.Test.csproj", "{12456C78-9023-47A7-85B9-1D3B8141BE2C}"
EndProject
Global
	GlobalSection(SolutionConfigurationPlatforms) = preSolution
		Debug|Any CPU = Debug|Any CPU
		Release|Any CPU = Release|Any CPU
	EndGlobalSection
	GlobalSection(ProjectConfigurationPlatforms) = postSolution
		{5108D461-B19B-4AEF-BE14-25310196C31A}.Debug|Any CPU.ActiveCfg = Debug|Any CPU
		{5108D461-B19B-4AEF-BE14-25310196C31A}.Debug|Any CPU.Build.0 = Debug|Any CPU
		{5108D461-B19B-4AEF-BE14-25310196C31A}.Release|Any CPU.ActiveCfg = Release|Any CPU
		{5108D461-B19B-4AEF-BE14-25310196C31A}.Release|Any CPU.Build.0 = Release|Any CPU
		{A134A32F-56CC-4CAE-B58E-5BE4FD5E2319}.Debug|Any CPU.ActiveCfg = Debug|Any CPU
		{A134A32F-56CC-4CAE-B58E-5BE4FD5E2319}.Debug|Any CPU.Build.0 = Debug|Any CPU
		{A134A32F-56CC-4CAE-B58E-5BE4FD5E2319}.Release|Any CPU.ActiveCfg = Release|Any CPU
		{A134A32F-56CC-4CAE-B58E-5BE4FD5E2319}.Release|Any CPU.Build.0 = Release|Any CPU
		{12456C78-9023-47A7-85B9-1D3B8141BE2C}.Debug|Any CPU.ActiveCfg = Debug|Any CPU
		{12456C78-9023-47A7-85B9-1D3B8141BE2C}.Debug|Any CPU.Build.0 = Debug|Any CPU
		{12456C78-9023-47A7-85B9-1D3B8141BE2C}.Release|Any CPU.ActiveCfg = Release|Any CPU
		{12456C78-9023-47A7-85B9-1D3B8141BE2C}.Release|Any CPU.Build.0 = Release|Any CPU
	EndGlobalSection
	GlobalSection(SolutionProperties) = preSolution
		HideSolutionNode = FALSE
	EndGlobalSection
	GlobalSection(ExtensibilityGlobals) = postSolution
		SolutionGuid = {7B56748E-F1C7-439C-87EE-A5A786A06E4E}
	EndGlobalSection
EndGlobal
